
Microsoft Visual Studio Solution File, Format Version 12.00
# Visual Studio Version 17
VisualStudioVersion = 17.0.32014.148
MinimumVisualStudioVersion = 10.0.40219.1
Project("{9A19103F-16F7-4668-BE54-9A1E7A4F7556}") = "RiotGames.Client", "RiotGames.Client\RiotGames.Client.csproj", "{F6A8C9C8-DEF9-4B19-90A5-7262F0962882}"
EndProject
Project("{9A19103F-16F7-4668-BE54-9A1E7A4F7556}") = "RiotGames.Client.CodeGeneration", "RiotGames.Client.CodeGeneration\RiotGames.Client.CodeGeneration.csproj", "{54B3AAED-ED09-4093-8287-62A249D9496B}"
EndProject
Project("{2150E333-8FDC-42A3-9474-1A3956D46DE8}") = "Solution Items", "Solution Items", "{5E05C473-40A1-4AFE-9FFC-D1575FD6CDF6}"
	ProjectSection(SolutionItems) = preProject
		.editorconfig = .editorconfig
	EndProjectSection
EndProject
Project("{9A19103F-16F7-4668-BE54-9A1E7A4F7556}") = "RiotGames.Client.Tests", "RiotGames.Client.Tests\RiotGames.Client.Tests.csproj", "{E0C11E14-DC43-44AF-B49B-D05538C6B0CD}"
EndProject
Project("{D954291E-2A0B-460D-934E-DC6B0785DB48}") = "RiotGames.Client.Shared", "RiotGames.Client.Shared\RiotGames.Client.Shared.shproj", "{4681C1C4-8FB7-4050-9FAC-15B6B0D416E9}"
EndProject
Project("{2150E333-8FDC-42A3-9474-1A3956D46DE8}") = "Tests", "Tests", "{4C24407B-B904-4F96-ACB7-E9B1AE2E461D}"
EndProject
Project("{2150E333-8FDC-42A3-9474-1A3956D46DE8}") = "Shared", "Shared", "{2C4DBE40-F7A3-4ACE-B752-841A5AFCD5CA}"
EndProject
Global
	GlobalSection(SharedMSBuildProjectFiles) = preSolution
		RiotGames.Client.Shared\RiotGames.Client.Shared.projitems*{4681c1c4-8fb7-4050-9fac-15b6b0d416e9}*SharedItemsImports = 13
		RiotGames.Client.Shared\RiotGames.Client.Shared.projitems*{54b3aaed-ed09-4093-8287-62a249d9496b}*SharedItemsImports = 5
		RiotGames.Client.Shared\RiotGames.Client.Shared.projitems*{f6a8c9c8-def9-4b19-90a5-7262f0962882}*SharedItemsImports = 5
	EndGlobalSection
	GlobalSection(SolutionConfigurationPlatforms) = preSolution
		Debug|Any CPU = Debug|Any CPU
		Release|Any CPU = Release|Any CPU
	EndGlobalSection
	GlobalSection(ProjectConfigurationPlatforms) = postSolution
		{F6A8C9C8-DEF9-4B19-90A5-7262F0962882}.Debug|Any CPU.ActiveCfg = Debug|Any CPU
		{F6A8C9C8-DEF9-4B19-90A5-7262F0962882}.Debug|Any CPU.Build.0 = Debug|Any CPU
		{F6A8C9C8-DEF9-4B19-90A5-7262F0962882}.Release|Any CPU.ActiveCfg = Release|Any CPU
		{F6A8C9C8-DEF9-4B19-90A5-7262F0962882}.Release|Any CPU.Build.0 = Release|Any CPU
		{54B3AAED-ED09-4093-8287-62A249D9496B}.Debug|Any CPU.ActiveCfg = Debug|Any CPU
		{54B3AAED-ED09-4093-8287-62A249D9496B}.Debug|Any CPU.Build.0 = Debug|Any CPU
		{54B3AAED-ED09-4093-8287-62A249D9496B}.Release|Any CPU.ActiveCfg = Release|Any CPU
		{54B3AAED-ED09-4093-8287-62A249D9496B}.Release|Any CPU.Build.0 = Release|Any CPU
		{E0C11E14-DC43-44AF-B49B-D05538C6B0CD}.Debug|Any CPU.ActiveCfg = Debug|Any CPU
		{E0C11E14-DC43-44AF-B49B-D05538C6B0CD}.Debug|Any CPU.Build.0 = Debug|Any CPU
		{E0C11E14-DC43-44AF-B49B-D05538C6B0CD}.Release|Any CPU.ActiveCfg = Release|Any CPU
		{E0C11E14-DC43-44AF-B49B-D05538C6B0CD}.Release|Any CPU.Build.0 = Release|Any CPU
	EndGlobalSection
	GlobalSection(SolutionProperties) = preSolution
		HideSolutionNode = FALSE
	EndGlobalSection
	GlobalSection(NestedProjects) = preSolution
		{E0C11E14-DC43-44AF-B49B-D05538C6B0CD} = {4C24407B-B904-4F96-ACB7-E9B1AE2E461D}
		{4681C1C4-8FB7-4050-9FAC-15B6B0D416E9} = {2C4DBE40-F7A3-4ACE-B752-841A5AFCD5CA}
	EndGlobalSection
	GlobalSection(ExtensibilityGlobals) = postSolution
		SolutionGuid = {C4F8469C-F8B7-4FD3-A97F-A766D9AD9A05}
	EndGlobalSection
EndGlobal
